{
    "name": "@jjdenhertog/music-search",
    "version": "1.0.9",
    "lockfileVersion": 3,
    "requires": true,
    "packages": {
        "": {
            "name": "@jjdenhertog/music-search",
            "version": "1.0.9",
            "license": "MIT",
            "dependencies": {
                "string-similarity-js": "^2.1.4"
            },
            "devDependencies": {
                "@types/node": "^20.3.0",
                "typescript": ">=4.7.4"
            },
            "engines": {
                "node": ">=18.0.0",
                "npm": ">=10.0.0"
            }
        },
        "node_modules/@types/node": {
            "version": "20.17.5",
            "resolved": "https://registry.npmjs.org/@types/node/-/node-20.17.5.tgz",
            "integrity": "sha512-n8FYY/pRxu496441gIcAQFZPKXbhsd6VZygcq+PTSZ75eMh/Ke0hCAROdUa21qiFqKNsPPYic46yXDO1JGiPBQ==",
            "dev": true,
            "license": "MIT",
            "dependencies": {
                "undici-types": "~6.19.2"
            }
        },
        "node_modules/string-similarity-js": {
            "version": "2.1.4",
            "resolved": "https://registry.npmjs.org/string-similarity-js/-/string-similarity-js-2.1.4.tgz",
            "integrity": "sha512-uApODZNjCHGYROzDSAdCmAHf60L/pMDHnP/yk6TAbvGg7JSPZlSto/ceCI7hZEqzc53/juU2aOJFkM2yUVTMTA==",
            "license": "MIT"
        },
        "node_modules/typescript": {
            "version": "5.6.3",
            "resolved": "https://registry.npmjs.org/typescript/-/typescript-5.6.3.tgz",
            "integrity": "sha512-hjcS1mhfuyi4WW8IWtjP7brDrG2cuDZukyrYrSauoXGNgx0S7zceP07adYkJycEr56BOUTNPzbInooiN3fn1qw==",
            "dev": true,
            "license": "Apache-2.0",
            "bin": {
                "tsc": "bin/tsc",
                "tsserver": "bin/tsserver"
            },
            "engines": {
                "node": ">=14.17"
            }
        },
        "node_modules/undici-types": {
            "version": "6.19.8",
            "resolved": "https://registry.npmjs.org/undici-types/-/undici-types-6.19.8.tgz",
            "integrity": "sha512-ve2KP6f/JnbPBFyobGHuerC9g1FYGn/F8n1LWTwNxCEzd6IfqTwUQcNXgEtmmQ6DlRrC1hrSrBnCZPokRrDHjw==",
            "dev": true,
            "license": "MIT"
        }
    }
}
